// !$*UTF8*$!
{
	archiveVersion = 1;
	classes = {
	};
	objectVersion = 50;
	objects = {

/* Begin PBXBuildFile section */
		3A50FE43221DAB400025C8E0 /* AppDelegate.swift in Sources */ = {isa = PBXBuildFile; fileRef = 3A50FE42221DAB400025C8E0 /* AppDelegate.swift */; };
		3A50FE45221DAB400025C8E0 /* CharactersController.swift in Sources */ = {isa = PBXBuildFile; fileRef = 3A50FE44221DAB400025C8E0 /* CharactersController.swift */; };
		3A50FE48221DAB400025C8E0 /* Main.storyboard in Resources */ = {isa = PBXBuildFile; fileRef = 3A50FE46221DAB400025C8E0 /* Main.storyboard */; };
		3A50FE4A221DAB420025C8E0 /* Assets.xcassets in Resources */ = {isa = PBXBuildFile; fileRef = 3A50FE49221DAB420025C8E0 /* Assets.xcassets */; };
		3A50FE4D221DAB420025C8E0 /* LaunchScreen.storyboard in Resources */ = {isa = PBXBuildFile; fileRef = 3A50FE4B221DAB420025C8E0 /* LaunchScreen.storyboard */; };
		3A50FE56221DAD460025C8E0 /* NavController.swift in Sources */ = {isa = PBXBuildFile; fileRef = 3A50FE55221DAD460025C8E0 /* NavController.swift */; };
		3A50FE59221DB1A50025C8E0 /* APIHelper.swift in Sources */ = {isa = PBXBuildFile; fileRef = 3A50FE58221DB1A50025C8E0 /* APIHelper.swift */; };
		3A50FE5B221DB4140025C8E0 /* APIResult.swift in Sources */ = {isa = PBXBuildFile; fileRef = 3A50FE5A221DB4140025C8E0 /* APIResult.swift */; };
		3A50FE5E221DBE4B0025C8E0 /* PersoCell.swift in Sources */ = {isa = PBXBuildFile; fileRef = 3A50FE5D221DBE4B0025C8E0 /* PersoCell.swift */; };
		3A50FE60221DBF2F0025C8E0 /* extensions.swift in Sources */ = {isa = PBXBuildFile; fileRef = 3A50FE5F221DBF2F0025C8E0 /* extensions.swift */; };
/* End PBXBuildFile section */

/* Begin PBXFileReference section */
		3A50FE3F221DAB400025C8E0 /* Rick et Morty API.app */ = {isa = PBXFileReference; explicitFileType = wrapper.application; includeInIndex = 0; path = "Rick et Morty API.app"; sourceTree = BUILT_PRODUCTS_DIR; };
		3A50FE42221DAB400025C8E0 /* AppDelegate.swift */ = {isa = PBXFileReference; lastKnownFileType = sourcecode.swift; path = AppDelegate.swift; sourceTree = "<group>"; };
		3A50FE44221DAB400025C8E0 /* CharactersController.swift */ = {isa = PBXFileReference; lastKnownFileType = sourcecode.swift; path = CharactersController.swift; sourceTree = "<group>"; };
		3A50FE47221DAB400025C8E0 /* Base */ = {isa = PBXFileReference; lastKnownFileType = file.storyboard; name = Base; path = Base.lproj/Main.storyboard; sourceTree = "<group>"; };
		3A50FE49221DAB420025C8E0 /* Assets.xcassets */ = {isa = PBXFileReference; lastKnownFileType = folder.assetcatalog; path = Assets.xcassets; sourceTree = "<group>"; };
		3A50FE4C221DAB420025C8E0 /* Base */ = {isa = PBXFileReference; lastKnownFileType = file.storyboard; name = Base; path = Base.lproj/LaunchScreen.storyboard; sourceTree = "<group>"; };
		3A50FE4E221DAB420025C8E0 /* Info.plist */ = {isa = PBXFileReference; lastKnownFileType = text.plist.xml; path = Info.plist; sourceTree = "<group>"; };
		3A50FE55221DAD460025C8E0 /* NavController.swift */ = {isa = PBXFileReference; lastKnownFileType = sourcecode.swift; path = NavController.swift; sourceTree = "<group>"; };
		3A50FE58221DB1A50025C8E0 /* APIHelper.swift */ = {isa = PBXFileReference; lastKnownFileType = sourcecode.swift; path = APIHelper.swift; sourceTree = "<group>"; };
		3A50FE5A221DB4140025C8E0 /* APIResult.swift */ = {isa = PBXFileReference; lastKnownFileType = sourcecode.swift; path = APIResult.swift; sourceTree = "<group>"; };
		3A50FE5D221DBE4B0025C8E0 /* PersoCell.swift */ = {isa = PBXFileReference; lastKnownFileType = sourcecode.swift; path = PersoCell.swift; sourceTree = "<group>"; };
		3A50FE5F221DBF2F0025C8E0 /* extensions.swift */ = {isa = PBXFileReference; lastKnownFileType = sourcecode.swift; path = extensions.swift; sourceTree = "<group>"; };
/* End PBXFileReference section */

/* Begin PBXFrameworksBuildPhase section */
		3A50FE3C221DAB400025C8E0 /* Frameworks */ = {
			isa = PBXFrameworksBuildPhase;
			buildActionMask = 2147483647;
			files = (
			);
			runOnlyForDeploymentPostprocessing = 0;
		};
/* End PBXFrameworksBuildPhase section */

/* Begin PBXGroup section */
		3A50FE36221DAB400025C8E0 = {
			isa = PBXGroup;
			children = (
				3A50FE41221DAB400025C8E0 /* Rick et Morty API */,
				3A50FE40221DAB400025C8E0 /* Products */,
			);
			sourceTree = "<group>";
		};
		3A50FE40221DAB400025C8E0 /* Products */ = {
			isa = PBXGroup;
			children = (
				3A50FE3F221DAB400025C8E0 /* Rick et Morty API.app */,
			);
			name = Products;
			sourceTree = "<group>";
		};
		3A50FE41221DAB400025C8E0 /* Rick et Morty API */ = {
			isa = PBXGroup;
			children = (
				3A50FE5C221DBE310025C8E0 /* View */,
				3A50FE57221DB1950025C8E0 /* Modeles */,
				3A50FE54221DAD210025C8E0 /* Controller */,
				3A50FE42221DAB400025C8E0 /* AppDelegate.swift */,
				3A50FE46221DAB400025C8E0 /* Main.storyboard */,
				3A50FE49221DAB420025C8E0 /* Assets.xcassets */,
				3A50FE4B221DAB420025C8E0 /* LaunchScreen.storyboard */,
				3A50FE4E221DAB420025C8E0 /* Info.plist */,
			);
			path = "Rick et Morty API";
			sourceTree = "<group>";
		};
		3A50FE54221DAD210025C8E0 /* Controller */ = {
			isa = PBXGroup;
			children = (
				3A50FE44221DAB400025C8E0 /* CharactersController.swift */,
				3A50FE55221DAD460025C8E0 /* NavController.swift */,
			);
			path = Controller;
			sourceTree = "<group>";
		};
		3A50FE57221DB1950025C8E0 /* Modeles */ = {
			isa = PBXGroup;
			children = (
				3A50FE58221DB1A50025C8E0 /* APIHelper.swift */,
				3A50FE5A221DB4140025C8E0 /* APIResult.swift */,
				3A50FE5F221DBF2F0025C8E0 /* extensions.swift */,
			);
			path = Modeles;
			sourceTree = "<group>";
		};
		3A50FE5C221DBE310025C8E0 /* View */ = {
			isa = PBXGroup;
			children = (
				3A50FE5D221DBE4B0025C8E0 /* PersoCell.swift */,
			);
			path = View;
			sourceTree = "<group>";
		};
/* End PBXGroup section */

/* Begin PBXNativeTarget section */
		3A50FE3E221DAB400025C8E0 /* Rick et Morty API */ = {
			isa = PBXNativeTarget;
			buildConfigurationList = 3A50FE51221DAB420025C8E0 /* Build configuration list for PBXNativeTarget "Rick et Morty API" */;
			buildPhases = (
				3A50FE3B221DAB400025C8E0 /* Sources */,
				3A50FE3C221DAB400025C8E0 /* Frameworks */,
				3A50FE3D221DAB400025C8E0 /* Resources */,
			);
			buildRules = (
			);
			dependencies = (
			);
			name = "Rick et Morty API";
			productName = "Rick et Morty API";
			productReference = 3A50FE3F221DAB400025C8E0 /* Rick et Morty API.app */;
			productType = "com.apple.product-type.application";
		};
/* End PBXNativeTarget section */

/* Begin PBXProject section */
		3A50FE37221DAB400025C8E0 /* Project object */ = {
			isa = PBXProject;
			attributes = {
				LastSwiftUpdateCheck = 1010;
				LastUpgradeCheck = 1010;
				ORGANIZATIONNAME = "Jeremy Piris";
				TargetAttributes = {
					3A50FE3E221DAB400025C8E0 = {
						CreatedOnToolsVersion = 10.1;
					};
				};
			};
			buildConfigurationList = 3A50FE3A221DAB400025C8E0 /* Build configuration list for PBXProject "Rick et Morty API" */;
			compatibilityVersion = "Xcode 9.3";
			developmentRegion = en;
			hasScannedForEncodings = 0;
			knownRegions = (
				en,
				Base,
			);
			mainGroup = 3A50FE36221DAB400025C8E0;
			productRefGroup = 3A50FE40221DAB400025C8E0 /* Products */;
			projectDirPath = "";
			projectRoot = "";
			targets = (
				3A50FE3E221DAB400025C8E0 /* Rick et Morty API */,
			);
		};
/* End PBXProject section */

/* Begin PBXResourcesBuildPhase section */
		3A50FE3D221DAB400025C8E0 /* Resources */ = {
			isa = PBXResourcesBuildPhase;
			buildActionMask = 2147483647;
			files = (
				3A50FE4D221DAB420025C8E0 /* LaunchScreen.storyboard in Resources */,
				3A50FE4A221DAB420025C8E0 /* Assets.xcassets in Resources */,
				3A50FE48221DAB400025C8E0 /* Main.storyboard in Resources */,
			);
			runOnlyForDeploymentPostprocessing = 0;
		};
/* End PBXResourcesBuildPhase section */

/* Begin PBXSourcesBuildPhase section */
		3A50FE3B221DAB400025C8E0 /* Sources */ = {
			isa = PBXSourcesBuildPhase;
			buildActionMask = 2147483647;
			files = (
				3A50FE59221DB1A50025C8E0 /* APIHelper.swift in Sources */,
				3A50FE5B221DB4140025C8E0 /* APIResult.swift in Sources */,
				3A50FE45221DAB400025C8E0 /* CharactersController.swift in Sources */,
				3A50FE60221DBF2F0025C8E0 /* extensions.swift in Sources */,
				3A50FE43221DAB400025C8E0 /* AppDelegate.swift in Sources */,
				3A50FE56221DAD460025C8E0 /* NavController.swift in Sources */,
				3A50FE5E221DBE4B0025C8E0 /* PersoCell.swift in Sources */,
			);
			runOnlyForDeploymentPostprocessing = 0;
		};
/* End PBXSourcesBuildPhase section */

/* Begin PBXVariantGroup section */
		3A50FE46221DAB400025C8E0 /* Main.storyboard */ = {
			isa = PBXVariantGroup;
			children = (
				3A50FE47221DAB400025C8E0 /* Base */,
			);
			name = Main.storyboard;
			sourceTree = "<group>";
		};
		3A50FE4B221DAB420025C8E0 /* LaunchScreen.storyboard */ = {
			isa = PBXVariantGroup;
			children = (
				3A50FE4C221DAB420025C8E0 /* Base */,
			);
			name = LaunchScreen.storyboard;
			sourceTree = "<group>";
		};
/* End PBXVariantGroup section */

/* Begin XCBuildConfiguration section */
		3A50FE4F221DAB420025C8E0 /* Debug */ = {
			isa = XCBuildConfiguration;
			buildSettings = {
				ALWAYS_SEARCH_USER_PATHS = NO;
				CLANG_ANALYZER_NONNULL = YES;
				CLANG_ANALYZER_NUMBER_OBJECT_CONVERSION = YES_AGGRESSIVE;
				CLANG_CXX_LANGUAGE_STANDARD = "gnu++14";
				CLANG_CXX_LIBRARY = "libc++";
				CLANG_ENABLE_MODULES = YES;
				CLANG_ENABLE_OBJC_ARC = YES;
				CLANG_ENABLE_OBJC_WEAK = YES;
				CLANG_WARN_BLOCK_CAPTURE_AUTORELEASING = YES;
				CLANG_WARN_BOOL_CONVERSION = YES;
				CLANG_WARN_COMMA = YES;
				CLANG_WARN_CONSTANT_CONVERSION = YES;
				CLANG_WARN_DEPRECATED_OBJC_IMPLEMENTATIONS = YES;
				CLANG_WARN_DIRECT_OBJC_ISA_USAGE = YES_ERROR;
				CLANG_WARN_DOCUMENTATION_COMMENTS = YES;
				CLANG_WARN_EMPTY_BODY = YES;
				CLANG_WARN_ENUM_CONVERSION = YES;
				CLANG_WARN_INFINITE_RECURSION = YES;
				CLANG_WARN_INT_CONVERSION = YES;
				CLANG_WARN_NON_LITERAL_NULL_CONVERSION = YES;
				CLANG_WARN_OBJC_IMPLICIT_RETAIN_SELF = YES;
				CLANG_WARN_OBJC_LITERAL_CONVERSION = YES;
				CLANG_WARN_OBJC_ROOT_CLASS = YES_ERROR;
				CLANG_WARN_RANGE_LOOP_ANALYSIS = YES;
				CLANG_WARN_STRICT_PROTOTYPES = YES;
				CLANG_WARN_SUSPICIOUS_MOVE = YES;
				CLANG_WARN_UNGUARDED_AVAILABILITY = YES_AGGRESSIVE;
				CLANG_WARN_UNREACHABLE_CODE = YES;
				CLANG_WARN__DUPLICATE_METHOD_MATCH = YES;
				CODE_SIGN_IDENTITY = "iPhone Developer";
				COPY_PHASE_STRIP = NO;
				DEBUG_INFORMATION_FORMAT = dwarf;
				ENABLE_STRICT_OBJC_MSGSEND = YES;
				ENABLE_TESTABILITY = YES;
				GCC_C_LANGUAGE_STANDARD = gnu11;
				GCC_DYNAMIC_NO_PIC = NO;
				GCC_NO_COMMON_BLOCKS = YES;
				GCC_OPTIMIZATION_LEVEL = 0;
				GCC_PREPROCESSOR_DEFINITIONS = (
					"DEBUG=1",
					"$(inherited)",
				);
				GCC_WARN_64_TO_32_BIT_CONVERSION = YES;
				GCC_WARN_ABOUT_RETURN_TYPE = YES_ERROR;
				GCC_WARN_UNDECLARED_SELECTOR = YES;
				GCC_WARN_UNINITIALIZED_AUTOS = YES_AGGRESSIVE;
				GCC_WARN_UNUSED_FUNCTION = YES;
				GCC_WARN_UNUSED_VARIABLE = YES;
				IPHONEOS_DEPLOYMENT_TARGET = 12.1;
				MTL_ENABLE_DEBUG_INFO = INCLUDE_SOURCE;
				MTL_FAST_MATH = YES;
				ONLY_ACTIVE_ARCH = YES;
				SDKROOT = iphoneos;
				SWIFT_ACTIVE_COMPILATION_CONDITIONS = DEBUG;
				SWIFT_OPTIMIZATION_LEVEL = "-Onone";
			};
			name = Debug;
		};
		3A50FE50221DAB420025C8E0 /* Release */ = {
			isa = XCBuildConfiguration;
			buildSettings = {
				ALWAYS_SEARCH_USER_PATHS = NO;
				CLANG_ANALYZER_NONNULL = YES;
				CLANG_ANALYZER_NUMBER_OBJECT_CONVERSION = YES_AGGRESSIVE;
				CLANG_CXX_LANGUAGE_STANDARD = "gnu++14";
				CLANG_CXX_LIBRARY = "libc++";
				CLANG_ENABLE_MODULES = YES;
				CLANG_ENABLE_OBJC_ARC = YES;
				CLANG_ENABLE_OBJC_WEAK = YES;
				CLANG_WARN_BLOCK_CAPTURE_AUTORELEASING = YES;
				CLANG_WARN_BOOL_CONVERSION = YES;
				CLANG_WARN_COMMA = YES;
				CLANG_WARN_CONSTANT_CONVERSION = YES;
				CLANG_WARN_DEPRECATED_OBJC_IMPLEMENTATIONS = YES;
				CLANG_WARN_DIRECT_OBJC_ISA_USAGE = YES_ERROR;
				CLANG_WARN_DOCUMENTATION_COMMENTS = YES;
				CLANG_WARN_EMPTY_BODY = YES;
				CLANG_WARN_ENUM_CONVERSION = YES;
				CLANG_WARN_INFINITE_RECURSION = YES;
				CLANG_WARN_INT_CONVERSION = YES;
				CLANG_WARN_NON_LITERAL_NULL_CONVERSION = YES;
				CLANG_WARN_OBJC_IMPLICIT_RETAIN_SELF = YES;
				CLANG_WARN_OBJC_LITERAL_CONVERSION = YES;
				CLANG_WARN_OBJC_ROOT_CLASS = YES_ERROR;
				CLANG_WARN_RANGE_LOOP_ANALYSIS = YES;
				CLANG_WARN_STRICT_PROTOTYPES = YES;
				CLANG_WARN_SUSPICIOUS_MOVE = YES;
				CLANG_WARN_UNGUARDED_AVAILABILITY = YES_AGGRESSIVE;
				CLANG_WARN_UNREACHABLE_CODE = YES;
				CLANG_WARN__DUPLICATE_METHOD_MATCH = YES;
				CODE_SIGN_IDENTITY = "iPhone Developer";
				COPY_PHASE_STRIP = NO;
				DEBUG_INFORMATION_FORMAT = "dwarf-with-dsym";
				ENABLE_NS_ASSERTIONS = NO;
				ENABLE_STRICT_OBJC_MSGSEND = YES;
				GCC_C_LANGUAGE_STANDARD = gnu11;
				GCC_NO_COMMON_BLOCKS = YES;
				GCC_WARN_64_TO_32_BIT_CONVERSION = YES;
				GCC_WARN_ABOUT_RETURN_TYPE = YES_ERROR;
				GCC_WARN_UNDECLARED_SELECTOR = YES;
				GCC_WARN_UNINITIALIZED_AUTOS = YES_AGGRESSIVE;
				GCC_WARN_UNUSED_FUNCTION = YES;
				GCC_WARN_UNUSED_VARIABLE = YES;
				IPHONEOS_DEPLOYMENT_TARGET = 12.1;
				MTL_ENABLE_DEBUG_INFO = NO;
				MTL_FAST_MATH = YES;
				SDKROOT = iphoneos;
				SWIFT_COMPILATION_MODE = wholemodule;
				SWIFT_OPTIMIZATION_LEVEL = "-O";
				VALIDATE_PRODUCT = YES;
			};
			name = Release;
		};
		3A50FE52221DAB420025C8E0 /* Debug */ = {
			isa = XCBuildConfiguration;
			buildSettings = {
				ASSETCATALOG_COMPILER_APPICON_NAME = AppIcon;
				CODE_SIGN_STYLE = Automatic;
				DEVELOPMENT_TEAM = T35F7GVVJL;
				INFOPLIST_FILE = "Rick et Morty API/Info.plist";
				LD_RUNPATH_SEARCH_PATHS = (
					"$(inherited)",
					"@executable_path/Frameworks",
				);
				PRODUCT_BUNDLE_IDENTIFIER = "edu.self.Rick-et-Morty-API";
				PRODUCT_NAME = "$(TARGET_NAME)";
				SWIFT_VERSION = 4.2;
				TARGETED_DEVICE_FAMILY = "1,2";
			};
			name = Debug;
		};
		3A50FE53221DAB420025C8E0 /* Release */ = {
			isa = XCBuildConfiguration;
			buildSettings = {
				ASSETCATALOG_COMPILER_APPICON_NAME = AppIcon;
				CODE_SIGN_STYLE = Automatic;
				DEVELOPMENT_TEAM = T35F7GVVJL;
				INFOPLIST_FILE = "Rick et Morty API/Info.plist";
				LD_RUNPATH_SEARCH_PATHS = (
					"$(inherited)",
					"@executable_path/Frameworks",
				);
				PRODUCT_BUNDLE_IDENTIFIER = "edu.self.Rick-et-Morty-API";
				PRODUCT_NAME = "$(TARGET_NAME)";
				SWIFT_VERSION = 4.2;
				TARGETED_DEVICE_FAMILY = "1,2";
			};
			name = Release;
		};
/* End XCBuildConfiguration section */

/* Begin XCConfigurationList section */
		3A50FE3A221DAB400025C8E0 /* Build configuration list for PBXProject "Rick et Morty API" */ = {
			isa = XCConfigurationList;
			buildConfigurations = (
				3A50FE4F221DAB420025C8E0 /* Debug */,
				3A50FE50221DAB420025C8E0 /* Release */,
			);
			defaultConfigurationIsVisible = 0;
			defaultConfigurationName = Release;
		};
		3A50FE51221DAB420025C8E0 /* Build configuration list for PBXNativeTarget "Rick et Morty API" */ = {
			isa = XCConfigurationList;
			buildConfigurations = (
				3A50FE52221DAB420025C8E0 /* Debug */,
				3A50FE53221DAB420025C8E0 /* Release */,
			);
			defaultConfigurationIsVisible = 0;
			defaultConfigurationName = Release;
		};
/* End XCConfigurationList section */
	};
	rootObject = 3A50FE37221DAB400025C8E0 /* Project object */;
}
